// !$*UTF8*$!
{
	archiveVersion = 1;
	classes = {
	};
	objectVersion = 56;
	objects = {

/* Begin PBXBuildFile section */
		4852ADC52C06832A00330AC0 /* AppDelegate.swift in Sources */ = {isa = PBXBuildFile; fileRef = 4852ADC42C06832A00330AC0 /* AppDelegate.swift */; };
		4852ADC72C06832A00330AC0 /* SceneDelegate.swift in Sources */ = {isa = PBXBuildFile; fileRef = 4852ADC62C06832A00330AC0 /* SceneDelegate.swift */; };
		4852ADC92C06832A00330AC0 /* HomeViewController.swift in Sources */ = {isa = PBXBuildFile; fileRef = 4852ADC82C06832A00330AC0 /* HomeViewController.swift */; };
		4852ADCE2C06832B00330AC0 /* Assets.xcassets in Resources */ = {isa = PBXBuildFile; fileRef = 4852ADCD2C06832B00330AC0 /* Assets.xcassets */; };
		4852ADD12C06832B00330AC0 /* Base in Resources */ = {isa = PBXBuildFile; fileRef = 4852ADD02C06832B00330AC0 /* Base */; };
		4852ADDA2C06C7CC00330AC0 /* AssetsConstants.swift in Sources */ = {isa = PBXBuildFile; fileRef = 4852ADD92C06C7CC00330AC0 /* AssetsConstants.swift */; };
		4852ADDD2C06C8AE00330AC0 /* UIViewController+.swift in Sources */ = {isa = PBXBuildFile; fileRef = 4852ADDC2C06C8AE00330AC0 /* UIViewController+.swift */; };
		4852ADE02C06C9A700330AC0 /* TasksViewController.swift in Sources */ = {isa = PBXBuildFile; fileRef = 4852ADDF2C06C9A700330AC0 /* TasksViewController.swift */; };
		4852ADE32C06CB7200330AC0 /* Task.swift in Sources */ = {isa = PBXBuildFile; fileRef = 4852ADE22C06CB7200330AC0 /* Task.swift */; };
		4852ADE92C06CD6600330AC0 /* TasksTableViewHeader.swift in Sources */ = {isa = PBXBuildFile; fileRef = 4852ADE82C06CD6600330AC0 /* TasksTableViewHeader.swift */; };
		4852ADEB2C06CFC000330AC0 /* AddTaskViewController.swift in Sources */ = {isa = PBXBuildFile; fileRef = 4852ADEA2C06CFC000330AC0 /* AddTaskViewController.swift */; };
		4852ADEE2C06D6EF00330AC0 /* TaskRepository.swift in Sources */ = {isa = PBXBuildFile; fileRef = 4852ADED2C06D6EF00330AC0 /* TaskRepository.swift */; };
		4852ADF12C06E32600330AC0 /* UserDefaultsPersistence.swift in Sources */ = {isa = PBXBuildFile; fileRef = 4852ADF02C06E32600330AC0 /* UserDefaultsPersistence.swift */; };
/* End PBXBuildFile section */

/* Begin PBXFileReference section */
		4852ADC12C06832A00330AC0 /* Tasky.app */ = {isa = PBXFileReference; explicitFileType = wrapper.application; includeInIndex = 0; path = Tasky.app; sourceTree = BUILT_PRODUCTS_DIR; };
		4852ADC42C06832A00330AC0 /* AppDelegate.swift */ = {isa = PBXFileReference; lastKnownFileType = sourcecode.swift; path = AppDelegate.swift; sourceTree = "<group>"; };
		4852ADC62C06832A00330AC0 /* SceneDelegate.swift */ = {isa = PBXFileReference; lastKnownFileType = sourcecode.swift; path = SceneDelegate.swift; sourceTree = "<group>"; };
		4852ADC82C06832A00330AC0 /* HomeViewController.swift */ = {isa = PBXFileReference; lastKnownFileType = sourcecode.swift; path = HomeViewController.swift; sourceTree = "<group>"; };
		4852ADCD2C06832B00330AC0 /* Assets.xcassets */ = {isa = PBXFileReference; lastKnownFileType = folder.assetcatalog; path = Assets.xcassets; sourceTree = "<group>"; };
		4852ADD02C06832B00330AC0 /* Base */ = {isa = PBXFileReference; lastKnownFileType = file.storyboard; name = Base; path = Base.lproj/LaunchScreen.storyboard; sourceTree = "<group>"; };
		4852ADD22C06832B00330AC0 /* Info.plist */ = {isa = PBXFileReference; lastKnownFileType = text.plist.xml; path = Info.plist; sourceTree = "<group>"; };
		4852ADD92C06C7CC00330AC0 /* AssetsConstants.swift */ = {isa = PBXFileReference; lastKnownFileType = sourcecode.swift; path = AssetsConstants.swift; sourceTree = "<group>"; };
		4852ADDC2C06C8AE00330AC0 /* UIViewController+.swift */ = {isa = PBXFileReference; lastKnownFileType = sourcecode.swift; path = "UIViewController+.swift"; sourceTree = "<group>"; };
		4852ADDF2C06C9A700330AC0 /* TasksViewController.swift */ = {isa = PBXFileReference; lastKnownFileType = sourcecode.swift; path = TasksViewController.swift; sourceTree = "<group>"; };
		4852ADE22C06CB7200330AC0 /* Task.swift */ = {isa = PBXFileReference; lastKnownFileType = sourcecode.swift; path = Task.swift; sourceTree = "<group>"; };
		4852ADE82C06CD6600330AC0 /* TasksTableViewHeader.swift */ = {isa = PBXFileReference; lastKnownFileType = sourcecode.swift; path = TasksTableViewHeader.swift; sourceTree = "<group>"; };
		4852ADEA2C06CFC000330AC0 /* AddTaskViewController.swift */ = {isa = PBXFileReference; lastKnownFileType = sourcecode.swift; path = AddTaskViewController.swift; sourceTree = "<group>"; };
		4852ADED2C06D6EF00330AC0 /* TaskRepository.swift */ = {isa = PBXFileReference; lastKnownFileType = sourcecode.swift; path = TaskRepository.swift; sourceTree = "<group>"; };
		4852ADF02C06E32600330AC0 /* UserDefaultsPersistence.swift */ = {isa = PBXFileReference; lastKnownFileType = sourcecode.swift; path = UserDefaultsPersistence.swift; sourceTree = "<group>"; };
/* End PBXFileReference section */

/* Begin PBXFrameworksBuildPhase section */
		4852ADBE2C06832A00330AC0 /* Frameworks */ = {
			isa = PBXFrameworksBuildPhase;
			buildActionMask = 2147483647;
			files = (
			);
			runOnlyForDeploymentPostprocessing = 0;
		};
/* End PBXFrameworksBuildPhase section */

/* Begin PBXGroup section */
		4852ADB82C06832A00330AC0 = {
			isa = PBXGroup;
			children = (
				4852ADC32C06832A00330AC0 /* Tasky */,
				4852ADC22C06832A00330AC0 /* Products */,
			);
			sourceTree = "<group>";
		};
		4852ADC22C06832A00330AC0 /* Products */ = {
			isa = PBXGroup;
			children = (
				4852ADC12C06832A00330AC0 /* Tasky.app */,
			);
			name = Products;
			sourceTree = "<group>";
		};
		4852ADC32C06832A00330AC0 /* Tasky */ = {
			isa = PBXGroup;
			children = (
				4852ADEF2C06E31600330AC0 /* Persistence */,
				4852ADEC2C06D6E300330AC0 /* Repository */,
				4852ADE72C06CD5100330AC0 /* Views */,
				4852ADE12C06CB6B00330AC0 /* Models */,
				4852ADDE2C06C99D00330AC0 /* ViewControllers */,
				4852ADDB2C06C8A400330AC0 /* Extensions */,
				4852ADD82C06C7C100330AC0 /* Utils */,
				4852ADC42C06832A00330AC0 /* AppDelegate.swift */,
				4852ADC62C06832A00330AC0 /* SceneDelegate.swift */,
				4852ADCD2C06832B00330AC0 /* Assets.xcassets */,
				4852ADCF2C06832B00330AC0 /* LaunchScreen.storyboard */,
				4852ADD22C06832B00330AC0 /* Info.plist */,
			);
			path = Tasky;
			sourceTree = "<group>";
		};
		4852ADD82C06C7C100330AC0 /* Utils */ = {
			isa = PBXGroup;
			children = (
				4852ADD92C06C7CC00330AC0 /* AssetsConstants.swift */,
			);
			path = Utils;
			sourceTree = "<group>";
		};
		4852ADDB2C06C8A400330AC0 /* Extensions */ = {
			isa = PBXGroup;
			children = (
				4852ADDC2C06C8AE00330AC0 /* UIViewController+.swift */,
			);
			path = Extensions;
			sourceTree = "<group>";
		};
		4852ADDE2C06C99D00330AC0 /* ViewControllers */ = {
			isa = PBXGroup;
			children = (
				4852ADC82C06832A00330AC0 /* HomeViewController.swift */,
				4852ADDF2C06C9A700330AC0 /* TasksViewController.swift */,
				4852ADEA2C06CFC000330AC0 /* AddTaskViewController.swift */,
			);
			path = ViewControllers;
			sourceTree = "<group>";
		};
		4852ADE12C06CB6B00330AC0 /* Models */ = {
			isa = PBXGroup;
			children = (
				4852ADE22C06CB7200330AC0 /* Task.swift */,
			);
			path = Models;
			sourceTree = "<group>";
		};
		4852ADE72C06CD5100330AC0 /* Views */ = {
			isa = PBXGroup;
			children = (
				4852ADE82C06CD6600330AC0 /* TasksTableViewHeader.swift */,
			);
			path = Views;
			sourceTree = "<group>";
		};
		4852ADEC2C06D6E300330AC0 /* Repository */ = {
			isa = PBXGroup;
			children = (
				4852ADED2C06D6EF00330AC0 /* TaskRepository.swift */,
			);
			path = Repository;
			sourceTree = "<group>";
		};
		4852ADEF2C06E31600330AC0 /* Persistence */ = {
			isa = PBXGroup;
			children = (
				4852ADF02C06E32600330AC0 /* UserDefaultsPersistence.swift */,
			);
			path = Persistence;
			sourceTree = "<group>";
		};
/* End PBXGroup section */

/* Begin PBXNativeTarget section */
		4852ADC02C06832A00330AC0 /* Tasky */ = {
			isa = PBXNativeTarget;
			buildConfigurationList = 4852ADD52C06832B00330AC0 /* Build configuration list for PBXNativeTarget "Tasky" */;
			buildPhases = (
				4852ADBD2C06832A00330AC0 /* Sources */,
				4852ADBE2C06832A00330AC0 /* Frameworks */,
				4852ADBF2C06832A00330AC0 /* Resources */,
			);
			buildRules = (
			);
			dependencies = (
			);
			name = Tasky;
			productName = Tasky;
			productReference = 4852ADC12C06832A00330AC0 /* Tasky.app */;
			productType = "com.apple.product-type.application";
		};
/* End PBXNativeTarget section */

/* Begin PBXProject section */
		4852ADB92C06832A00330AC0 /* Project object */ = {
			isa = PBXProject;
			attributes = {
				BuildIndependentTargetsInParallel = 1;
				LastSwiftUpdateCheck = 1530;
				LastUpgradeCheck = 1530;
				TargetAttributes = {
					4852ADC02C06832A00330AC0 = {
						CreatedOnToolsVersion = 15.3;
					};
				};
			};
			buildConfigurationList = 4852ADBC2C06832A00330AC0 /* Build configuration list for PBXProject "Tasky" */;
			compatibilityVersion = "Xcode 14.0";
			developmentRegion = en;
			hasScannedForEncodings = 0;
			knownRegions = (
				en,
				Base,
			);
			mainGroup = 4852ADB82C06832A00330AC0;
			productRefGroup = 4852ADC22C06832A00330AC0 /* Products */;
			projectDirPath = "";
			projectRoot = "";
			targets = (
				4852ADC02C06832A00330AC0 /* Tasky */,
			);
		};
/* End PBXProject section */

/* Begin PBXResourcesBuildPhase section */
		4852ADBF2C06832A00330AC0 /* Resources */ = {
			isa = PBXResourcesBuildPhase;
			buildActionMask = 2147483647;
			files = (
				4852ADCE2C06832B00330AC0 /* Assets.xcassets in Resources */,
				4852ADD12C06832B00330AC0 /* Base in Resources */,
			);
			runOnlyForDeploymentPostprocessing = 0;
		};
/* End PBXResourcesBuildPhase section */

/* Begin PBXSourcesBuildPhase section */
		4852ADBD2C06832A00330AC0 /* Sources */ = {
			isa = PBXSourcesBuildPhase;
			buildActionMask = 2147483647;
			files = (
				4852ADDA2C06C7CC00330AC0 /* AssetsConstants.swift in Sources */,
				4852ADC92C06832A00330AC0 /* HomeViewController.swift in Sources */,
				4852ADDD2C06C8AE00330AC0 /* UIViewController+.swift in Sources */,
				4852ADC52C06832A00330AC0 /* AppDelegate.swift in Sources */,
				4852ADEE2C06D6EF00330AC0 /* TaskRepository.swift in Sources */,
				4852ADC72C06832A00330AC0 /* SceneDelegate.swift in Sources */,
				4852ADF12C06E32600330AC0 /* UserDefaultsPersistence.swift in Sources */,
				4852ADE32C06CB7200330AC0 /* Task.swift in Sources */,
				4852ADE02C06C9A700330AC0 /* TasksViewController.swift in Sources */,
				4852ADEB2C06CFC000330AC0 /* AddTaskViewController.swift in Sources */,
				4852ADE92C06CD6600330AC0 /* TasksTableViewHeader.swift in Sources */,
			);
			runOnlyForDeploymentPostprocessing = 0;
		};
/* End PBXSourcesBuildPhase section */

/* Begin PBXVariantGroup section */
		4852ADCF2C06832B00330AC0 /* LaunchScreen.storyboard */ = {
			isa = PBXVariantGroup;
			children = (
				4852ADD02C06832B00330AC0 /* Base */,
			);
			name = LaunchScreen.storyboard;
			sourceTree = "<group>";
		};
/* End PBXVariantGroup section */

/* Begin XCBuildConfiguration section */
		4852ADD32C06832B00330AC0 /* Debug */ = {
			isa = XCBuildConfiguration;
			buildSettings = {
				ALWAYS_SEARCH_USER_PATHS = NO;
				ASSETCATALOG_COMPILER_GENERATE_SWIFT_ASSET_SYMBOL_EXTENSIONS = YES;
				CLANG_ANALYZER_NONNULL = YES;
				CLANG_ANALYZER_NUMBER_OBJECT_CONVERSION = YES_AGGRESSIVE;
				CLANG_CXX_LANGUAGE_STANDARD = "gnu++20";
				CLANG_ENABLE_MODULES = YES;
				CLANG_ENABLE_OBJC_ARC = YES;
				CLANG_ENABLE_OBJC_WEAK = YES;
				CLANG_WARN_BLOCK_CAPTURE_AUTORELEASING = YES;
				CLANG_WARN_BOOL_CONVERSION = YES;
				CLANG_WARN_COMMA = YES;
				CLANG_WARN_CONSTANT_CONVERSION = YES;
				CLANG_WARN_DEPRECATED_OBJC_IMPLEMENTATIONS = YES;
				CLANG_WARN_DIRECT_OBJC_ISA_USAGE = YES_ERROR;
				CLANG_WARN_DOCUMENTATION_COMMENTS = YES;
				CLANG_WARN_EMPTY_BODY = YES;
				CLANG_WARN_ENUM_CONVERSION = YES;
				CLANG_WARN_INFINITE_RECURSION = YES;
				CLANG_WARN_INT_CONVERSION = YES;
				CLANG_WARN_NON_LITERAL_NULL_CONVERSION = YES;
				CLANG_WARN_OBJC_IMPLICIT_RETAIN_SELF = YES;
				CLANG_WARN_OBJC_LITERAL_CONVERSION = YES;
				CLANG_WARN_OBJC_ROOT_CLASS = YES_ERROR;
				CLANG_WARN_QUOTED_INCLUDE_IN_FRAMEWORK_HEADER = YES;
				CLANG_WARN_RANGE_LOOP_ANALYSIS = YES;
				CLANG_WARN_STRICT_PROTOTYPES = YES;
				CLANG_WARN_SUSPICIOUS_MOVE = YES;
				CLANG_WARN_UNGUARDED_AVAILABILITY = YES_AGGRESSIVE;
				CLANG_WARN_UNREACHABLE_CODE = YES;
				CLANG_WARN__DUPLICATE_METHOD_MATCH = YES;
				COPY_PHASE_STRIP = NO;
				DEBUG_INFORMATION_FORMAT = dwarf;
				ENABLE_STRICT_OBJC_MSGSEND = YES;
				ENABLE_TESTABILITY = YES;
				ENABLE_USER_SCRIPT_SANDBOXING = YES;
				GCC_C_LANGUAGE_STANDARD = gnu17;
				GCC_DYNAMIC_NO_PIC = NO;
				GCC_NO_COMMON_BLOCKS = YES;
				GCC_OPTIMIZATION_LEVEL = 0;
				GCC_PREPROCESSOR_DEFINITIONS = (
					"DEBUG=1",
					"$(inherited)",
				);
				GCC_WARN_64_TO_32_BIT_CONVERSION = YES;
				GCC_WARN_ABOUT_RETURN_TYPE = YES_ERROR;
				GCC_WARN_UNDECLARED_SELECTOR = YES;
				GCC_WARN_UNINITIALIZED_AUTOS = YES_AGGRESSIVE;
				GCC_WARN_UNUSED_FUNCTION = YES;
				GCC_WARN_UNUSED_VARIABLE = YES;
				IPHONEOS_DEPLOYMENT_TARGET = 17.4;
				LOCALIZATION_PREFERS_STRING_CATALOGS = YES;
				MTL_ENABLE_DEBUG_INFO = INCLUDE_SOURCE;
				MTL_FAST_MATH = YES;
				ONLY_ACTIVE_ARCH = YES;
				SDKROOT = iphoneos;
				SWIFT_ACTIVE_COMPILATION_CONDITIONS = "DEBUG $(inherited)";
				SWIFT_OPTIMIZATION_LEVEL = "-Onone";
			};
			name = Debug;
		};
		4852ADD42C06832B00330AC0 /* Release */ = {
			isa = XCBuildConfiguration;
			buildSettings = {
				ALWAYS_SEARCH_USER_PATHS = NO;
				ASSETCATALOG_COMPILER_GENERATE_SWIFT_ASSET_SYMBOL_EXTENSIONS = YES;
				CLANG_ANALYZER_NONNULL = YES;
				CLANG_ANALYZER_NUMBER_OBJECT_CONVERSION = YES_AGGRESSIVE;
				CLANG_CXX_LANGUAGE_STANDARD = "gnu++20";
				CLANG_ENABLE_MODULES = YES;
				CLANG_ENABLE_OBJC_ARC = YES;
				CLANG_ENABLE_OBJC_WEAK = YES;
				CLANG_WARN_BLOCK_CAPTURE_AUTORELEASING = YES;
				CLANG_WARN_BOOL_CONVERSION = YES;
				CLANG_WARN_COMMA = YES;
				CLANG_WARN_CONSTANT_CONVERSION = YES;
				CLANG_WARN_DEPRECATED_OBJC_IMPLEMENTATIONS = YES;
				CLANG_WARN_DIRECT_OBJC_ISA_USAGE = YES_ERROR;
				CLANG_WARN_DOCUMENTATION_COMMENTS = YES;
				CLANG_WARN_EMPTY_BODY = YES;
				CLANG_WARN_ENUM_CONVERSION = YES;
				CLANG_WARN_INFINITE_RECURSION = YES;
				CLANG_WARN_INT_CONVERSION = YES;
				CLANG_WARN_NON_LITERAL_NULL_CONVERSION = YES;
				CLANG_WARN_OBJC_IMPLICIT_RETAIN_SELF = YES;
				CLANG_WARN_OBJC_LITERAL_CONVERSION = YES;
				CLANG_WARN_OBJC_ROOT_CLASS = YES_ERROR;
				CLANG_WARN_QUOTED_INCLUDE_IN_FRAMEWORK_HEADER = YES;
				CLANG_WARN_RANGE_LOOP_ANALYSIS = YES;
				CLANG_WARN_STRICT_PROTOTYPES = YES;
				CLANG_WARN_SUSPICIOUS_MOVE = YES;
				CLANG_WARN_UNGUARDED_AVAILABILITY = YES_AGGRESSIVE;
				CLANG_WARN_UNREACHABLE_CODE = YES;
				CLANG_WARN__DUPLICATE_METHOD_MATCH = YES;
				COPY_PHASE_STRIP = NO;
				DEBUG_INFORMATION_FORMAT = "dwarf-with-dsym";
				ENABLE_NS_ASSERTIONS = NO;
				ENABLE_STRICT_OBJC_MSGSEND = YES;
				ENABLE_USER_SCRIPT_SANDBOXING = YES;
				GCC_C_LANGUAGE_STANDARD = gnu17;
				GCC_NO_COMMON_BLOCKS = YES;
				GCC_WARN_64_TO_32_BIT_CONVERSION = YES;
				GCC_WARN_ABOUT_RETURN_TYPE = YES_ERROR;
				GCC_WARN_UNDECLARED_SELECTOR = YES;
				GCC_WARN_UNINITIALIZED_AUTOS = YES_AGGRESSIVE;
				GCC_WARN_UNUSED_FUNCTION = YES;
				GCC_WARN_UNUSED_VARIABLE = YES;
				IPHONEOS_DEPLOYMENT_TARGET = 17.4;
				LOCALIZATION_PREFERS_STRING_CATALOGS = YES;
				MTL_ENABLE_DEBUG_INFO = NO;
				MTL_FAST_MATH = YES;
				SDKROOT = iphoneos;
				SWIFT_COMPILATION_MODE = wholemodule;
				VALIDATE_PRODUCT = YES;
			};
			name = Release;
		};
		4852ADD62C06832B00330AC0 /* Debug */ = {
			isa = XCBuildConfiguration;
			buildSettings = {
				ASSETCATALOG_COMPILER_APPICON_NAME = AppIcon;
				ASSETCATALOG_COMPILER_GLOBAL_ACCENT_COLOR_NAME = AccentColor;
				CODE_SIGN_STYLE = Automatic;
				CURRENT_PROJECT_VERSION = 1;
				GENERATE_INFOPLIST_FILE = YES;
				INFOPLIST_FILE = Tasky/Info.plist;
				INFOPLIST_KEY_UIApplicationSupportsIndirectInputEvents = YES;
				INFOPLIST_KEY_UILaunchStoryboardName = LaunchScreen;
				INFOPLIST_KEY_UISupportedInterfaceOrientations_iPad = "UIInterfaceOrientationPortrait UIInterfaceOrientationPortraitUpsideDown UIInterfaceOrientationLandscapeLeft UIInterfaceOrientationLandscapeRight";
				INFOPLIST_KEY_UISupportedInterfaceOrientations_iPhone = "UIInterfaceOrientationPortrait UIInterfaceOrientationLandscapeLeft UIInterfaceOrientationLandscapeRight";
				LD_RUNPATH_SEARCH_PATHS = (
					"$(inherited)",
					"@executable_path/Frameworks",
				);
				MARKETING_VERSION = 1.0;
				PRODUCT_BUNDLE_IDENTIFIER = com.giovanna.Tasky;
				PRODUCT_NAME = "$(TARGET_NAME)";
				SWIFT_EMIT_LOC_STRINGS = YES;
				SWIFT_VERSION = 5.0;
				TARGETED_DEVICE_FAMILY = "1,2";
			};
			name = Debug;
		};
		4852ADD72C06832B00330AC0 /* Release */ = {
			isa = XCBuildConfiguration;
			buildSettings = {
				ASSETCATALOG_COMPILER_APPICON_NAME = AppIcon;
				ASSETCATALOG_COMPILER_GLOBAL_ACCENT_COLOR_NAME = AccentColor;
				CODE_SIGN_STYLE = Automatic;
				CURRENT_PROJECT_VERSION = 1;
				GENERATE_INFOPLIST_FILE = YES;
				INFOPLIST_FILE = Tasky/Info.plist;
				INFOPLIST_KEY_UIApplicationSupportsIndirectInputEvents = YES;
				INFOPLIST_KEY_UILaunchStoryboardName = LaunchScreen;
				INFOPLIST_KEY_UISupportedInterfaceOrientations_iPad = "UIInterfaceOrientationPortrait UIInterfaceOrientationPortraitUpsideDown UIInterfaceOrientationLandscapeLeft UIInterfaceOrientationLandscapeRight";
				INFOPLIST_KEY_UISupportedInterfaceOrientations_iPhone = "UIInterfaceOrientationPortrait UIInterfaceOrientationLandscapeLeft UIInterfaceOrientationLandscapeRight";
				LD_RUNPATH_SEARCH_PATHS = (
					"$(inherited)",
					"@executable_path/Frameworks",
				);
				MARKETING_VERSION = 1.0;
				PRODUCT_BUNDLE_IDENTIFIER = com.giovanna.Tasky;
				PRODUCT_NAME = "$(TARGET_NAME)";
				SWIFT_EMIT_LOC_STRINGS = YES;
				SWIFT_VERSION = 5.0;
				TARGETED_DEVICE_FAMILY = "1,2";
			};
			name = Release;
		};
/* End XCBuildConfiguration section */

/* Begin XCConfigurationList section */
		4852ADBC2C06832A00330AC0 /* Build configuration list for PBXProject "Tasky" */ = {
			isa = XCConfigurationList;
			buildConfigurations = (
				4852ADD32C06832B00330AC0 /* Debug */,
				4852ADD42C06832B00330AC0 /* Release */,
			);
			defaultConfigurationIsVisible = 0;
			defaultConfigurationName = Release;
		};
		4852ADD52C06832B00330AC0 /* Build configuration list for PBXNativeTarget "Tasky" */ = {
			isa = XCConfigurationList;
			buildConfigurations = (
				4852ADD62C06832B00330AC0 /* Debug */,
				4852ADD72C06832B00330AC0 /* Release */,
			);
			defaultConfigurationIsVisible = 0;
			defaultConfigurationName = Release;
		};
/* End XCConfigurationList section */
	};
	rootObject = 4852ADB92C06832A00330AC0 /* Project object */;
}
